{
  "name": "better-toml",
  "version": "0.3.0",
  "lockfileVersion": 1,
  "requires": true,
  "dependencies": {
    "@sgarciac/bombadil": {
      "version": "0.0.5",
      "resolved": "https://registry.npmjs.org/@sgarciac/bombadil/-/bombadil-0.0.5.tgz",
      "integrity": "sha1-EMf4M4uaVi3cGy/5v4b4+HK++/k=",
      "requires": {
        "chevrotain": "0.28.3",
        "lodash.every": "4.6.0",
        "lodash.includes": "4.3.0",
        "lodash.last": "3.0.0",
        "moment": "2.18.1"
      }
    },
    "@types/node": {
      "version": "7.0.39",
      "resolved": "https://registry.npmjs.org/@types/node/-/node-7.0.39.tgz",
      "integrity": "sha512-KQHAZeVsk4UIT9XaR6cn4WpHZzimK6UBD1UomQKfQQFmTlUHaNBzeuov+TM4+kigLO0IJt4I5OOsshcCyA9gSA==",
      "dev": true
    },
    "@types/node-fetch": {
      "version": "1.6.7",
      "resolved": "https://registry.npmjs.org/@types/node-fetch/-/node-fetch-1.6.7.tgz",
      "integrity": "sha1-UhB46PDGmhWOUCIAWsqS0mIPbVc=",
      "dev": true,
      "requires": {
        "@types/node": "7.0.39"
      }
    },
    "agent-base": {
      "version": "1.0.2",
      "resolved": "https://registry.npmjs.org/agent-base/-/agent-base-1.0.2.tgz",
      "integrity": "sha1-aJDT+yFwBLYrcPiSjg+uX4lSpwY="
    },
    "chevrotain": {
      "version": "0.28.3",
      "resolved": "https://registry.npmjs.org/chevrotain/-/chevrotain-0.28.3.tgz",
      "integrity": "sha1-nj7WCkzduPPPjvlNm8aYs/W5fcM="
    },
    "debug": {
      "version": "2.6.8",
      "resolved": "https://registry.npmjs.org/debug/-/debug-2.6.8.tgz",
      "integrity": "sha1-5zFTHKLt4n0YgiJCfaF4IdaP9Pw=",
      "requires": {
        "ms": "2.0.0"
      }
    },
    "encoding": {
      "version": "0.1.12",
      "resolved": "https://registry.npmjs.org/encoding/-/encoding-0.1.12.tgz",
      "integrity": "sha1-U4tm8+5izRq1HsMjgp0flIDHS+s=",
      "requires": {
        "iconv-lite": "0.4.19"
      }
    },
    "extend": {
      "version": "3.0.1",
      "resolved": "https://registry.npmjs.org/extend/-/extend-3.0.1.tgz",
      "integrity": "sha1-p1Xqe8Gt/MWjHOfnYtuq3F5jZEQ="
    },
    "http-proxy-agent": {
      "version": "0.2.7",
      "resolved": "https://registry.npmjs.org/http-proxy-agent/-/http-proxy-agent-0.2.7.tgz",
      "integrity": "sha1-4X/aZfCQLZUs55IeYsf/iGJlWl4=",
      "requires": {
        "agent-base": "1.0.2",
        "debug": "2.6.8",
        "extend": "3.0.1"
      }
    },
    "https-proxy-agent": {
      "version": "0.3.6",
      "resolved": "https://registry.npmjs.org/https-proxy-agent/-/https-proxy-agent-0.3.6.tgz",
      "integrity": "sha1-cT+jjl01P1DrFKNC/r4pAz7RYZs=",
      "requires": {
        "agent-base": "1.0.2",
        "debug": "2.6.8",
        "extend": "3.0.1"
      }
    },
    "iconv-lite": {
      "version": "0.4.19",
      "resolved": "https://registry.npmjs.org/iconv-lite/-/iconv-lite-0.4.19.tgz",
      "integrity": "sha512-oTZqweIP51xaGPI4uPa56/Pri/480R+mo7SeU+YETByQNhDG55ycFyNLIgta9vXhILrxXDmF7ZGhqZIcuN0gJQ=="
    },
    "is-stream": {
      "version": "1.1.0",
      "resolved": "https://registry.npmjs.org/is-stream/-/is-stream-1.1.0.tgz",
      "integrity": "sha1-EtSj3U5o4Lec6428hBc66A2RykQ="
    },
    "jsonc-parser": {
      "version": "1.0.0",
      "resolved": "https://registry.npmjs.org/jsonc-parser/-/jsonc-parser-1.0.0.tgz",
      "integrity": "sha1-3cyGSucI5gp6bdNtrqABcvqNknI="
    },
    "lodash.every": {
      "version": "4.6.0",
      "resolved": "https://registry.npmjs.org/lodash.every/-/lodash.every-4.6.0.tgz",
      "integrity": "sha1-64mYS+vENkJ5uzrvu9HKGb+mxqc="
    },
    "lodash.includes": {
      "version": "4.3.0",
      "resolved": "https://registry.npmjs.org/lodash.includes/-/lodash.includes-4.3.0.tgz",
      "integrity": "sha1-YLuYqHy5I8aMoeUTJUgzFISfVT8="
    },
    "lodash.last": {
      "version": "3.0.0",
      "resolved": "https://registry.npmjs.org/lodash.last/-/lodash.last-3.0.0.tgz",
      "integrity": "sha1-JC9mMRLdTG5jcoxgo8kJ0b2tvUw="
    },
    "moment": {
      "version": "2.18.1",
      "resolved": "https://registry.npmjs.org/moment/-/moment-2.18.1.tgz",
      "integrity": "sha1-w2GT3Tzhwu7SrbfIAtu8d6gbHA8="
    },
    "ms": {
      "version": "2.0.0",
      "resolved": "https://registry.npmjs.org/ms/-/ms-2.0.0.tgz",
      "integrity": "sha1-VgiurfwAvmwpAd9fmGF4jeDVl8g="
    },
    "node-fetch": {
      "version": "1.7.3",
      "resolved": "https://registry.npmjs.org/node-fetch/-/node-fetch-1.7.3.tgz",
      "integrity": "sha512-NhZ4CsKx7cYm2vSrBAr2PvFOe6sWDf0UYLRqA6svUYg7+/TSfVAu49jYC4BvQ4Sms9SZgdqGBgroqfDhJdTyKQ==",
      "requires": {
        "encoding": "0.1.12",
        "is-stream": "1.1.0"
      }
    },
    "request-light": {
      "version": "0.2.1",
      "resolved": "https://registry.npmjs.org/request-light/-/request-light-0.2.1.tgz",
      "integrity": "sha1-mG9agok+nRymqJbr5vRsUca0VX8=",
      "requires": {
        "http-proxy-agent": "0.2.7",
        "https-proxy-agent": "0.3.6",
        "vscode-nls": "2.0.2"
      }
    },
    "vscode-json-languageservice": {
      "version": "2.0.16",
      "resolved": "https://registry.npmjs.org/vscode-json-languageservice/-/vscode-json-languageservice-2.0.16.tgz",
      "integrity": "sha1-fzLs1Mbjv9YZeU5UNYK8gXdTk0Q=",
      "requires": {
        "jsonc-parser": "1.0.0",
        "vscode-languageserver-types": "3.4.0",
        "vscode-nls": "2.0.2",
        "vscode-uri": "1.0.1"
      }
    },
    "vscode-jsonrpc": {
      "version": "3.4.0",
      "resolved": "https://registry.npmjs.org/vscode-jsonrpc/-/vscode-jsonrpc-3.4.0.tgz",
      "integrity": "sha1-qpWsWDvzHYD3JdV8J8CfTCz+n6k="
    },
    "vscode-languageclient": {
      "version": "3.4.2",
      "resolved": "https://registry.npmjs.org/vscode-languageclient/-/vscode-languageclient-3.4.2.tgz",
      "integrity": "sha1-LtbuoHJVC6q8m9MkgP8CeHVZiXI=",
      "requires": {
        "vscode-languageserver-protocol": "3.4.1"
      }
    },
    "vscode-languageserver": {
      "version": "3.4.2",
      "resolved": "https://registry.npmjs.org/vscode-languageserver/-/vscode-languageserver-3.4.2.tgz",
      "integrity": "sha1-CMvlDuJpAdN91LXcUsJbkJNjwfE=",
      "requires": {
        "vscode-languageserver-protocol": "3.4.1",
        "vscode-uri": "1.0.1"
      }
    },
    "vscode-languageserver-protocol": {
      "version": "3.4.1",
      "resolved": "https://registry.npmjs.org/vscode-languageserver-protocol/-/vscode-languageserver-protocol-3.4.1.tgz",
      "integrity": "sha1-lrfIo+1opOvTCkB7BCenY3k1/h8=",
      "requires": {
        "vscode-jsonrpc": "3.4.0",
        "vscode-languageserver-types": "3.4.0"
      }
    },
    "vscode-languageserver-types": {
      "version": "3.4.0",
      "resolved": "https://registry.npmjs.org/vscode-languageserver-types/-/vscode-languageserver-types-3.4.0.tgz",
      "integrity": "sha1-UEOuR+5KwWrwe7PQylYSNeDA0vo="
    },
    "vscode-nls": {
      "version": "2.0.2",
      "resolved": "https://registry.npmjs.org/vscode-nls/-/vscode-nls-2.0.2.tgz",
      "integrity": "sha1-gIUiOAhEuK0VNJmvXDsDkhrqAto="
    },
    "vscode-uri": {
      "version": "1.0.1",
      "resolved": "https://registry.npmjs.org/vscode-uri/-/vscode-uri-1.0.1.tgz",
      "integrity": "sha1-Eahr7+rDxKo+wIYjZRo8gabQu8g="
    }
  }
}
